
Microsoft Visual Studio Solution File, Format Version 12.00
# Visual Studio Version 17
VisualStudioVersion = 17.5.33424.131
MinimumVisualStudioVersion = 10.0.40219.1
Project("{2150E333-8FDC-42A3-9474-1A3956D46DE8}") = "Level0", "Level0", "{C45029E8-A27D-4CDF-85A0-F754C30A1D1F}"
EndProject
Project("{2150E333-8FDC-42A3-9474-1A3956D46DE8}") = "Level1", "Level1", "{C567233B-3CE0-45DC-94FF-82AB66F1A85A}"
EndProject
Project("{2150E333-8FDC-42A3-9474-1A3956D46DE8}") = "Level2", "Level2", "{0F3AC964-2429-4A6D-80A6-7B52BC5F7833}"
EndProject
Project("{2150E333-8FDC-42A3-9474-1A3956D46DE8}") = "Level3", "Level3", "{DEEA7549-9440-4FE8-8B1B-D6A535709599}"
EndProject
Project("{2150E333-8FDC-42A3-9474-1A3956D46DE8}") = "Level4", "Level4", "{FF161D6D-52EB-4F7F-BAA8-EDAB5F11BBAF}"
EndProject
Project("{8BC9CEB8-8B4A-11D0-8D11-00A0C91BC942}") = "GameEngineBase", "GameEngineBase\GameEngineBase.vcxproj", "{5432D717-4FF6-46DD-BB53-7B3593B7CACC}"
EndProject
Project("{8BC9CEB8-8B4A-11D0-8D11-00A0C91BC942}") = "GameEnginePlatform", "GameEnginePlatform\GameEnginePlatform.vcxproj", "{CE6C3F39-9E88-4805-BB81-0BA35295B312}"
	ProjectSection(ProjectDependencies) = postProject
		{5432D717-4FF6-46DD-BB53-7B3593B7CACC} = {5432D717-4FF6-46DD-BB53-7B3593B7CACC}
	EndProjectSection
EndProject
Project("{8BC9CEB8-8B4A-11D0-8D11-00A0C91BC942}") = "GameEngineCore", "GameEngineCore\GameEngineCore.vcxproj", "{04EE862A-5481-4D23-9C90-4BBEDD2046D3}"
	ProjectSection(ProjectDependencies) = postProject
		{5432D717-4FF6-46DD-BB53-7B3593B7CACC} = {5432D717-4FF6-46DD-BB53-7B3593B7CACC}
		{CE6C3F39-9E88-4805-BB81-0BA35295B312} = {CE6C3F39-9E88-4805-BB81-0BA35295B312}
	EndProjectSection
EndProject
Project("{8BC9CEB8-8B4A-11D0-8D11-00A0C91BC942}") = "GameEngineContents", "GameEngineContents\GameEngineContents.vcxproj", "{10254F06-C2E8-4E93-A1B9-F2D65275925D}"
	ProjectSection(ProjectDependencies) = postProject
		{04EE862A-5481-4D23-9C90-4BBEDD2046D3} = {04EE862A-5481-4D23-9C90-4BBEDD2046D3}
		{5432D717-4FF6-46DD-BB53-7B3593B7CACC} = {5432D717-4FF6-46DD-BB53-7B3593B7CACC}
		{CE6C3F39-9E88-4805-BB81-0BA35295B312} = {CE6C3F39-9E88-4805-BB81-0BA35295B312}
	EndProjectSection
EndProject
Project("{8BC9CEB8-8B4A-11D0-8D11-00A0C91BC942}") = "CastlevaniaApp", "CastlevaniaApp\CastlevaniaApp.vcxproj", "{B1A058BB-39F0-4801-B491-28B233350DA7}"
	ProjectSection(ProjectDependencies) = postProject
		{04EE862A-5481-4D23-9C90-4BBEDD2046D3} = {04EE862A-5481-4D23-9C90-4BBEDD2046D3}
		{10254F06-C2E8-4E93-A1B9-F2D65275925D} = {10254F06-C2E8-4E93-A1B9-F2D65275925D}
		{5432D717-4FF6-46DD-BB53-7B3593B7CACC} = {5432D717-4FF6-46DD-BB53-7B3593B7CACC}
		{CE6C3F39-9E88-4805-BB81-0BA35295B312} = {CE6C3F39-9E88-4805-BB81-0BA35295B312}
	EndProjectSection
EndProject
Project("{2150E333-8FDC-42A3-9474-1A3956D46DE8}") = "솔루션 항목", "솔루션 항목", "{7C2E56EF-CB23-46DE-B870-C7EDD92E0570}"
	ProjectSection(SolutionItems) = preProject
		Doc.txt = Doc.txt
	EndProjectSection
EndProject
Global
	GlobalSection(SolutionConfigurationPlatforms) = preSolution
		Debug|x64 = Debug|x64
		Debug|x86 = Debug|x86
		Release|x64 = Release|x64
		Release|x86 = Release|x86
	EndGlobalSection
	GlobalSection(ProjectConfigurationPlatforms) = postSolution
		{5432D717-4FF6-46DD-BB53-7B3593B7CACC}.Debug|x64.ActiveCfg = Debug|x64
		{5432D717-4FF6-46DD-BB53-7B3593B7CACC}.Debug|x64.Build.0 = Debug|x64
		{5432D717-4FF6-46DD-BB53-7B3593B7CACC}.Debug|x86.ActiveCfg = Debug|Win32
		{5432D717-4FF6-46DD-BB53-7B3593B7CACC}.Debug|x86.Build.0 = Debug|Win32
		{5432D717-4FF6-46DD-BB53-7B3593B7CACC}.Release|x64.ActiveCfg = Release|x64
		{5432D717-4FF6-46DD-BB53-7B3593B7CACC}.Release|x64.Build.0 = Release|x64
		{5432D717-4FF6-46DD-BB53-7B3593B7CACC}.Release|x86.ActiveCfg = Release|Win32
		{5432D717-4FF6-46DD-BB53-7B3593B7CACC}.Release|x86.Build.0 = Release|Win32
		{CE6C3F39-9E88-4805-BB81-0BA35295B312}.Debug|x64.ActiveCfg = Debug|x64
		{CE6C3F39-9E88-4805-BB81-0BA35295B312}.Debug|x64.Build.0 = Debug|x64
		{CE6C3F39-9E88-4805-BB81-0BA35295B312}.Debug|x86.ActiveCfg = Debug|Win32
		{CE6C3F39-9E88-4805-BB81-0BA35295B312}.Debug|x86.Build.0 = Debug|Win32
		{CE6C3F39-9E88-4805-BB81-0BA35295B312}.Release|x64.ActiveCfg = Release|x64
		{CE6C3F39-9E88-4805-BB81-0BA35295B312}.Release|x64.Build.0 = Release|x64
		{CE6C3F39-9E88-4805-BB81-0BA35295B312}.Release|x86.ActiveCfg = Release|Win32
		{CE6C3F39-9E88-4805-BB81-0BA35295B312}.Release|x86.Build.0 = Release|Win32
		{04EE862A-5481-4D23-9C90-4BBEDD2046D3}.Debug|x64.ActiveCfg = Debug|x64
		{04EE862A-5481-4D23-9C90-4BBEDD2046D3}.Debug|x64.Build.0 = Debug|x64
		{04EE862A-5481-4D23-9C90-4BBEDD2046D3}.Debug|x86.ActiveCfg = Debug|Win32
		{04EE862A-5481-4D23-9C90-4BBEDD2046D3}.Debug|x86.Build.0 = Debug|Win32
		{04EE862A-5481-4D23-9C90-4BBEDD2046D3}.Release|x64.ActiveCfg = Release|x64
		{04EE862A-5481-4D23-9C90-4BBEDD2046D3}.Release|x64.Build.0 = Release|x64
		{04EE862A-5481-4D23-9C90-4BBEDD2046D3}.Release|x86.ActiveCfg = Release|Win32
		{04EE862A-5481-4D23-9C90-4BBEDD2046D3}.Release|x86.Build.0 = Release|Win32
		{10254F06-C2E8-4E93-A1B9-F2D65275925D}.Debug|x64.ActiveCfg = Debug|x64
		{10254F06-C2E8-4E93-A1B9-F2D65275925D}.Debug|x64.Build.0 = Debug|x64
		{10254F06-C2E8-4E93-A1B9-F2D65275925D}.Debug|x86.ActiveCfg = Debug|Win32
		{10254F06-C2E8-4E93-A1B9-F2D65275925D}.Debug|x86.Build.0 = Debug|Win32
		{10254F06-C2E8-4E93-A1B9-F2D65275925D}.Release|x64.ActiveCfg = Release|x64
		{10254F06-C2E8-4E93-A1B9-F2D65275925D}.Release|x64.Build.0 = Release|x64
		{10254F06-C2E8-4E93-A1B9-F2D65275925D}.Release|x86.ActiveCfg = Release|Win32
		{10254F06-C2E8-4E93-A1B9-F2D65275925D}.Release|x86.Build.0 = Release|Win32
		{B1A058BB-39F0-4801-B491-28B233350DA7}.Debug|x64.ActiveCfg = Debug|x64
		{B1A058BB-39F0-4801-B491-28B233350DA7}.Debug|x64.Build.0 = Debug|x64
		{B1A058BB-39F0-4801-B491-28B233350DA7}.Debug|x86.ActiveCfg = Debug|Win32
		{B1A058BB-39F0-4801-B491-28B233350DA7}.Debug|x86.Build.0 = Debug|Win32
		{B1A058BB-39F0-4801-B491-28B233350DA7}.Release|x64.ActiveCfg = Release|x64
		{B1A058BB-39F0-4801-B491-28B233350DA7}.Release|x64.Build.0 = Release|x64
		{B1A058BB-39F0-4801-B491-28B233350DA7}.Release|x86.ActiveCfg = Release|Win32
		{B1A058BB-39F0-4801-B491-28B233350DA7}.Release|x86.Build.0 = Release|Win32
	EndGlobalSection
	GlobalSection(SolutionProperties) = preSolution
		HideSolutionNode = FALSE
	EndGlobalSection
	GlobalSection(NestedProjects) = preSolution
		{5432D717-4FF6-46DD-BB53-7B3593B7CACC} = {C45029E8-A27D-4CDF-85A0-F754C30A1D1F}
		{CE6C3F39-9E88-4805-BB81-0BA35295B312} = {C567233B-3CE0-45DC-94FF-82AB66F1A85A}
		{04EE862A-5481-4D23-9C90-4BBEDD2046D3} = {0F3AC964-2429-4A6D-80A6-7B52BC5F7833}
		{10254F06-C2E8-4E93-A1B9-F2D65275925D} = {DEEA7549-9440-4FE8-8B1B-D6A535709599}
		{B1A058BB-39F0-4801-B491-28B233350DA7} = {FF161D6D-52EB-4F7F-BAA8-EDAB5F11BBAF}
	EndGlobalSection
	GlobalSection(ExtensibilityGlobals) = postSolution
		SolutionGuid = {F5C7F77E-DB91-4ECB-82D4-C24439E0E7F7}
	EndGlobalSection
EndGlobal
